github.com/dirasanjayawardana/golang_dasar_contoh_module v1.0.0 h1:LTdcv7J6Vg7RyxltRPyge2ywmx01rG22nyVqyBrla/g=
github.com/dirasanjayawardana/golang_dasar_contoh_module v1.0.0/go.mod h1:hheyHbA2xvuyRk0KFZrJ6RX8UKj92ylVtRA3wOU2M5A=
github.com/dirasanjayawardana/golang_dasar_contoh_module v1.5.0 h1:t2Q2wFtZQr0/mlEMTY3Pz/MRQhGTqiE65iXzvFBBHTY=
github.com/dirasanjayawardana/golang_dasar_contoh_module v1.5.0/go.mod h1:hheyHbA2xvuyRk0KFZrJ6RX8UKj92ylVtRA3wOU2M5A=
github.com/dirasanjayawardana/golang_dasar_contoh_module/v5 v5.0.0 h1:FeqAyutE9+d7koU4iUxxRGI7IJlwpNWddMkMCAmOnrQ=
github.com/dirasanjayawardana/golang_dasar_contoh_module/v5 v5.0.0/go.mod h1:XY+4VteGXksuCFiP24k8y1AIUCLbm/uqiqI40MAGBwY=
